
Microsoft Visual Studio Solution File, Format Version 12.00
# Visual Studio Version 17
VisualStudioVersion = 17.5.002.0
MinimumVisualStudioVersion = 10.0.40219.1
Project("{9A19103F-16F7-4668-BE54-9A1E7A4F7556}") = "EntityFramework8Relationsihps", "EntityFramework8Relationsihps.csproj", "{B026B574-0452-4089-8F29-C6EAFFBF1640}"
EndProject
Global
	GlobalSection(SolutionConfigurationPlatforms) = preSolution
		Debug|Any CPU = Debug|Any CPU
		Release|Any CPU = Release|Any CPU
	EndGlobalSection
	GlobalSection(ProjectConfigurationPlatforms) = postSolution
		{B026B574-0452-4089-8F29-C6EAFFBF1640}.Debug|Any CPU.ActiveCfg = Debug|Any CPU
		{B026B574-0452-4089-8F29-C6EAFFBF1640}.Debug|Any CPU.Build.0 = Debug|Any CPU
		{B026B574-0452-4089-8F29-C6EAFFBF1640}.Release|Any CPU.ActiveCfg = Release|Any CPU
		{B026B574-0452-4089-8F29-C6EAFFBF1640}.Release|Any CPU.Build.0 = Release|Any CPU
	EndGlobalSection
	GlobalSection(SolutionProperties) = preSolution
		HideSolutionNode = FALSE
	EndGlobalSection
	GlobalSection(ExtensibilityGlobals) = postSolution
		SolutionGuid = {2C4344ED-4EE2-4776-AEB1-4484200A95B7}
	EndGlobalSection
EndGlobal
